
Microsoft Visual Studio Solution File, Format Version 12.00
# Visual Studio Version 17
VisualStudioVersion = 17.4.33205.214
MinimumVisualStudioVersion = 10.0.40219.1
Project("{FAE04EC0-301F-11D3-BF4B-00C04F79EFBC}") = "SistemaWebMisRecetas", "SistemaWebMisRecetas\SistemaWebMisRecetas.csproj", "{E1077691-DCCF-47A2-84A8-ADA8CCCE13C8}"
EndProject
Global
	GlobalSection(SolutionConfigurationPlatforms) = preSolution
		Debug|Any CPU = Debug|Any CPU
		Release|Any CPU = Release|Any CPU
	EndGlobalSection
	GlobalSection(ProjectConfigurationPlatforms) = postSolution
		{E1077691-DCCF-47A2-84A8-ADA8CCCE13C8}.Debug|Any CPU.ActiveCfg = Debug|Any CPU
		{E1077691-DCCF-47A2-84A8-ADA8CCCE13C8}.Debug|Any CPU.Build.0 = Debug|Any CPU
		{E1077691-DCCF-47A2-84A8-ADA8CCCE13C8}.Release|Any CPU.ActiveCfg = Release|Any CPU
		{E1077691-DCCF-47A2-84A8-ADA8CCCE13C8}.Release|Any CPU.Build.0 = Release|Any CPU
	EndGlobalSection
	GlobalSection(SolutionProperties) = preSolution
		HideSolutionNode = FALSE
	EndGlobalSection
	GlobalSection(ExtensibilityGlobals) = postSolution
		SolutionGuid = {DB2BE704-02B3-490B-9B34-6DC483563B59}
	EndGlobalSection
EndGlobal
